# THIS IS AN AUTOGENERATED FILE. DO NOT EDIT THIS FILE DIRECTLY.
# yarn lockfile v1


"@devprotocol/hashi@2.1.1":
  version "2.1.1"
  resolved "https://registry.yarnpkg.com/@devprotocol/hashi/-/hashi-2.1.1.tgz#623cf88aaf1a9cff8029df7cdd54350c39b6305f"
  integrity sha512-Nb18dQnsMUBJZiYKz5qJP0V4S8txLd7E4SdoKO1dRYasRJxt2DHSXWE6LBopcYjntPxcaQ7Cx3daRcN9C5DlEA==
  dependencies:
    "@matteusan/sentro" "0.1.25"

"@matteusan/sentro@0.1.25":
  version "0.1.25"
  resolved "https://registry.yarnpkg.com/@matteusan/sentro/-/sentro-0.1.25.tgz#626f8795ada5f31a746acad80c4c49cc6134d879"
  integrity sha512-WADroUoOEnbGBij9ZSJkGbYp2yiNVi6UJZymJsSVyo1zuekM1pIzKF8+nI31SGt5wS3ChmOOR5+w1Z7c6jg9TQ==
