# THIS IS AN AUTOGENERATED FILE. DO NOT EDIT THIS FILE DIRECTLY.
# yarn lockfile v1


"@devprotocol/hashi@2.3.4":
  version "2.3.4"
  resolved "https://registry.yarnpkg.com/@devprotocol/hashi/-/hashi-2.3.4.tgz#681ff4aebbbafed757d8854a40afc824be1601f4"
  integrity sha512-wbyriYx+akOACxpoiVaTxJhNRjgrTPMNJmWgaHFBKHiOm01ZBun+T8ductgmR5U8DdSxmP/apQuLqf/ohjMmzg==
  dependencies:
    "@matteusan/sentro" "0.1.25"

"@matteusan/sentro@0.1.25":
  version "0.1.25"
  resolved "https://registry.yarnpkg.com/@matteusan/sentro/-/sentro-0.1.25.tgz#626f8795ada5f31a746acad80c4c49cc6134d879"
  integrity sha512-WADroUoOEnbGBij9ZSJkGbYp2yiNVi6UJZymJsSVyo1zuekM1pIzKF8+nI31SGt5wS3ChmOOR5+w1Z7c6jg9TQ==
