# THIS IS AN AUTOGENERATED FILE. DO NOT EDIT THIS FILE DIRECTLY.
# yarn lockfile v1


"@devprotocol/hashi@2.2.2":
  version "2.2.2"
  resolved "https://registry.yarnpkg.com/@devprotocol/hashi/-/hashi-2.2.2.tgz#42475b5464df7a8201f26c3fa07ceff28af2f64f"
  integrity sha512-xch6D6KX6Ht7KG1J1V4xS6PbacTM2kLAhbvTXThBduTQDKw+iKE9EojWaQxMU1HdF/Uiq/5lU5/kDmwFG8JxSw==
  dependencies:
    "@matteusan/sentro" "0.1.25"

"@matteusan/sentro@0.1.25":
  version "0.1.25"
  resolved "https://registry.yarnpkg.com/@matteusan/sentro/-/sentro-0.1.25.tgz#626f8795ada5f31a746acad80c4c49cc6134d879"
  integrity sha512-WADroUoOEnbGBij9ZSJkGbYp2yiNVi6UJZymJsSVyo1zuekM1pIzKF8+nI31SGt5wS3ChmOOR5+w1Z7c6jg9TQ==
