{
  "name": "@devprotocol/hashi",
  "version": "0.1.0-alpha.1",
  "lockfileVersion": 1,
  "requires": true,
  "dependencies": {
    "@matteusan/sentro": {
      "version": "0.1.10",
      "resolved": "https://registry.npmjs.org/@matteusan/sentro/-/sentro-0.1.10.tgz",
      "integrity": "sha512-mLOeELvL1n13GngrkFFMcGV0pLhl8mno3kmsAhW7GbqXY5U3Q8esTmKGJo9ecksh9EooGXGWWimGf7sgZIi3KA=="
    }
  }
}
