{
  "name": "@devprotocol/hashi",
  "version": "0.1.0-beta",
  "lockfileVersion": 2,
  "requires": true,
  "packages": {
    "": {
      "name": "@devprotocol/hashi",
      "version": "0.1.0-beta",
      "license": "MIT",
      "dependencies": {
        "@matteusan/sentro": "0.1.18"
      }
    },
    "node_modules/@matteusan/sentro": {
      "version": "0.1.18",
      "resolved": "https://registry.npmjs.org/@matteusan/sentro/-/sentro-0.1.18.tgz",
      "integrity": "sha512-5RQ2RdAdf5bl7S0jIXvs8IPdc0B61dZa47mSSR15mtlxDEXjclSWT+8Vp+mo/6Fd0AOk/fkgI9OlrObx4mU9nw=="
    }
  },
  "dependencies": {
    "@matteusan/sentro": {
      "version": "0.1.18",
      "resolved": "https://registry.npmjs.org/@matteusan/sentro/-/sentro-0.1.18.tgz",
      "integrity": "sha512-5RQ2RdAdf5bl7S0jIXvs8IPdc0B61dZa47mSSR15mtlxDEXjclSWT+8Vp+mo/6Fd0AOk/fkgI9OlrObx4mU9nw=="
    }
  }
}
