{
  "name": "@devprotocol/hashi",
  "version": "0.1.0-alpha.5",
  "lockfileVersion": 2,
  "requires": true,
  "packages": {
    "": {
      "name": "@devprotocol/hashi",
      "version": "0.1.0-alpha.5",
      "license": "MIT",
      "dependencies": {
        "@matteusan/sentro": "0.1.13"
      }
    },
    "node_modules/@matteusan/sentro": {
      "version": "0.1.13",
      "resolved": "https://registry.npmjs.org/@matteusan/sentro/-/sentro-0.1.13.tgz",
      "integrity": "sha512-PPSw0wH1WsDTYK5d25+eU4rBoeoLOL/AmUlJp9Xk7Hc0522sCIK0/+FgB/crLajF9RU4p8NQkQogH+qsmeWYlg=="
    }
  },
  "dependencies": {
    "@matteusan/sentro": {
      "version": "0.1.13",
      "resolved": "https://registry.npmjs.org/@matteusan/sentro/-/sentro-0.1.13.tgz",
      "integrity": "sha512-PPSw0wH1WsDTYK5d25+eU4rBoeoLOL/AmUlJp9Xk7Hc0522sCIK0/+FgB/crLajF9RU4p8NQkQogH+qsmeWYlg=="
    }
  }
}
