# THIS IS AN AUTOGENERATED FILE. DO NOT EDIT THIS FILE DIRECTLY.
# yarn lockfile v1


"@matteu-san/sentro@0.1.10":
  version "0.1.10"
  resolved "https://registry.yarnpkg.com/@matteu-san/sentro/-/sentro-0.1.10.tgz#cbd25bc42ffd8aaa79a97a10f239ecb9bd424e30"
  integrity sha512-uGRfS5sHdBHfH/WR4B14BanG2sOLo98vbaAGuBzQTkzIvcFdTdSW1dmNrlXIftJIueA4sqotqSFGIy2DDoBPlw==
