# THIS IS AN AUTOGENERATED FILE. DO NOT EDIT THIS FILE DIRECTLY.
# yarn lockfile v1


"@matteusan/sentro@0.1.9":
  version "0.1.9"
  resolved "https://registry.yarnpkg.com/@matteusan/sentro/-/sentro-0.1.9.tgz#0d9b507f3b4017b39c0409d817b572d36e43a0c9"
  integrity sha512-G3eKMsU4llMPIOOluGGcSjVUNrNohBxq7bhrfyj7uNmGwWb5qVC5sHx/FuielSur+7f7QEBBIzM/lp12LSErdQ==
