# THIS IS AN AUTOGENERATED FILE. DO NOT EDIT THIS FILE DIRECTLY.
# yarn lockfile v1


"@matteusan/sentro@0.1.17":
  version "0.1.17"
  resolved "https://registry.yarnpkg.com/@matteusan/sentro/-/sentro-0.1.17.tgz#1564e3287989a09691db35888cb6ad828c52d0c8"
  integrity sha512-kn3S3HlbYbjSBzlUfSFDWceoIQKLMVrH8lmthbTKgYb5up2GGa5vuaqlzOBAYRRtCNUOOoPI91bSml9CmQjCvA==
