{
  "name": "@devprotocol/hashi",
  "version": "1.6.2",
  "lockfileVersion": 2,
  "requires": true,
  "packages": {
    "": {
      "name": "@devprotocol/hashi",
      "version": "1.6.2",
      "license": "MIT",
      "dependencies": {
        "@matteusan/sentro": "0.1.25"
      }
    },
    "node_modules/@matteusan/sentro": {
      "version": "0.1.25",
      "resolved": "https://registry.npmjs.org/@matteusan/sentro/-/sentro-0.1.25.tgz",
      "integrity": "sha512-WADroUoOEnbGBij9ZSJkGbYp2yiNVi6UJZymJsSVyo1zuekM1pIzKF8+nI31SGt5wS3ChmOOR5+w1Z7c6jg9TQ=="
    }
  },
  "dependencies": {
    "@matteusan/sentro": {
      "version": "0.1.25",
      "resolved": "https://registry.npmjs.org/@matteusan/sentro/-/sentro-0.1.25.tgz",
      "integrity": "sha512-WADroUoOEnbGBij9ZSJkGbYp2yiNVi6UJZymJsSVyo1zuekM1pIzKF8+nI31SGt5wS3ChmOOR5+w1Z7c6jg9TQ=="
    }
  }
}
