{
  "name": "@devprotocol/hashi",
  "version": "0.2.0",
  "lockfileVersion": 2,
  "requires": true,
  "packages": {
    "": {
      "name": "@devprotocol/hashi",
      "version": "0.2.0",
      "license": "MIT",
      "dependencies": {
        "@matteusan/sentro": "0.1.21"
      }
    },
    "node_modules/@matteusan/sentro": {
      "version": "0.1.21",
      "resolved": "https://registry.npmjs.org/@matteusan/sentro/-/sentro-0.1.21.tgz",
      "integrity": "sha512-Cha0Adu9PqHURzexPIAu7d/fIbW7uduBpXFHm4FewSQ6O35lvVBLZYqiSjx5jDrfrqLyzJcv0dETFPNmVTaBow=="
    }
  },
  "dependencies": {
    "@matteusan/sentro": {
      "version": "0.1.21",
      "resolved": "https://registry.npmjs.org/@matteusan/sentro/-/sentro-0.1.21.tgz",
      "integrity": "sha512-Cha0Adu9PqHURzexPIAu7d/fIbW7uduBpXFHm4FewSQ6O35lvVBLZYqiSjx5jDrfrqLyzJcv0dETFPNmVTaBow=="
    }
  }
}
