{
  "name": "@devprotocol/hashi",
  "version": "1.2.1",
  "lockfileVersion": 2,
  "requires": true,
  "packages": {
    "": {
      "name": "@devprotocol/hashi",
      "version": "1.2.1",
      "license": "MIT",
      "dependencies": {
        "@matteusan/sentro": "0.1.23"
      }
    },
    "node_modules/@matteusan/sentro": {
      "version": "0.1.23",
      "resolved": "https://registry.npmjs.org/@matteusan/sentro/-/sentro-0.1.23.tgz",
      "integrity": "sha512-lVnDTSy/xjn7KHPkAXEGMCOHKSEY3OBMtbhfXxZu9ZcDWWbU57pttojVV/XMW7Wkr7BGOlM1hbBggzV22adTnA=="
    }
  },
  "dependencies": {
    "@matteusan/sentro": {
      "version": "0.1.23",
      "resolved": "https://registry.npmjs.org/@matteusan/sentro/-/sentro-0.1.23.tgz",
      "integrity": "sha512-lVnDTSy/xjn7KHPkAXEGMCOHKSEY3OBMtbhfXxZu9ZcDWWbU57pttojVV/XMW7Wkr7BGOlM1hbBggzV22adTnA=="
    }
  }
}
