# This file is generated by running "yarn install" inside your project.
# Manual changes might be lost - proceed with caution!

__metadata:
  version: 6
  cacheKey: 8

"@devprotocol/hashi@workspace:.":
  version: 0.0.0-use.local
  resolution: "@devprotocol/hashi@workspace:."
  dependencies:
    "@matteusan/sentro": 0.1.25
  languageName: unknown
  linkType: soft

"@matteusan/sentro@npm:0.1.25":
  version: 0.1.25
  resolution: "@matteusan/sentro@npm:0.1.25"
  checksum: 2964e33fdc174b5753862c96d09df8647936de6aee0d98b7dbeda45345a3d6c9c4ecd45dbb0abaefd4b4390c6b7caf8ca0fca88640a7669ef82121a0a7fcdef0
  languageName: node
  linkType: hard
